
Microsoft Visual Studio Solution File, Format Version 12.00
# Visual Studio 15
VisualStudioVersion = 15.0.27703.2035
MinimumVisualStudioVersion = 10.0.40219.1
Project("{FAE04EC0-301F-11D3-BF4B-00C04F79EFBC}") = "App01_ConsultaCEP.Android", "App01_ConsultaCEP\App01_ConsultaCEP.Android\App01_ConsultaCEP.Android.csproj", "{1631E214-877D-4EFB-A471-FC627C69AF9B}"
EndProject
Project("{FAE04EC0-301F-11D3-BF4B-00C04F79EFBC}") = "App01_ConsultaCEP.iOS", "App01_ConsultaCEP\App01_ConsultaCEP.iOS\App01_ConsultaCEP.iOS.csproj", "{99EAB10A-0C41-4542-91B7-BA8F0C9DD1DA}"
EndProject
Project("{FAE04EC0-301F-11D3-BF4B-00C04F79EFBC}") = "App01_ConsultaCEP.UWP", "App01_ConsultaCEP\App01_ConsultaCEP.UWP\App01_ConsultaCEP.UWP.csproj", "{48C83ECB-291D-48D1-8ED5-FE04458A8F5F}"
EndProject
Project("{FAE04EC0-301F-11D3-BF4B-00C04F79EFBC}") = "App01_ConsultaCEP", "App01_ConsultaCEP\App01_ConsultaCEP\App01_ConsultaCEP.csproj", "{1EF2A476-8209-4C4A-89B0-283136E00518}"
EndProject
Global
	GlobalSection(SolutionConfigurationPlatforms) = preSolution
		Ad-Hoc|Any CPU = Ad-Hoc|Any CPU
		Ad-Hoc|ARM = Ad-Hoc|ARM
		Ad-Hoc|iPhone = Ad-Hoc|iPhone
		Ad-Hoc|iPhoneSimulator = Ad-Hoc|iPhoneSimulator
		Ad-Hoc|x64 = Ad-Hoc|x64
		Ad-Hoc|x86 = Ad-Hoc|x86
		AppStore|Any CPU = AppStore|Any CPU
		AppStore|ARM = AppStore|ARM
		AppStore|iPhone = AppStore|iPhone
		AppStore|iPhoneSimulator = AppStore|iPhoneSimulator
		AppStore|x64 = AppStore|x64
		AppStore|x86 = AppStore|x86
		Debug|Any CPU = Debug|Any CPU
		Debug|ARM = Debug|ARM
		Debug|iPhone = Debug|iPhone
		Debug|iPhoneSimulator = Debug|iPhoneSimulator
		Debug|x64 = Debug|x64
		Debug|x86 = Debug|x86
		Release|Any CPU = Release|Any CPU
		Release|ARM = Release|ARM
		Release|iPhone = Release|iPhone
		Release|iPhoneSimulator = Release|iPhoneSimulator
		Release|x64 = Release|x64
		Release|x86 = Release|x86
	EndGlobalSection
	GlobalSection(ProjectConfigurationPlatforms) = postSolution
		{1631E214-877D-4EFB-A471-FC627C69AF9B}.Ad-Hoc|Any CPU.ActiveCfg = Release|Any CPU
		{1631E214-877D-4EFB-A471-FC627C69AF9B}.Ad-Hoc|Any CPU.Build.0 = Release|Any CPU
		{1631E214-877D-4EFB-A471-FC627C69AF9B}.Ad-Hoc|Any CPU.Deploy.0 = Release|Any CPU
		{1631E214-877D-4EFB-A471-FC627C69AF9B}.Ad-Hoc|ARM.ActiveCfg = Release|Any CPU
		{1631E214-877D-4EFB-A471-FC627C69AF9B}.Ad-Hoc|ARM.Build.0 = Release|Any CPU
		{1631E214-877D-4EFB-A471-FC627C69AF9B}.Ad-Hoc|ARM.Deploy.0 = Release|Any CPU
		{1631E214-877D-4EFB-A471-FC627C69AF9B}.Ad-Hoc|iPhone.ActiveCfg = Release|Any CPU
		{1631E214-877D-4EFB-A471-FC627C69AF9B}.Ad-Hoc|iPhone.Build.0 = Release|Any CPU
		{1631E214-877D-4EFB-A471-FC627C69AF9B}.Ad-Hoc|iPhone.Deploy.0 = Release|Any CPU
		{1631E214-877D-4EFB-A471-FC627C69AF9B}.Ad-Hoc|iPhoneSimulator.ActiveCfg = Release|Any CPU
		{1631E214-877D-4EFB-A471-FC627C69AF9B}.Ad-Hoc|iPhoneSimulator.Build.0 = Release|Any CPU
		{1631E214-877D-4EFB-A471-FC627C69AF9B}.Ad-Hoc|iPhoneSimulator.Deploy.0 = Release|Any CPU
		{1631E214-877D-4EFB-A471-FC627C69AF9B}.Ad-Hoc|x64.ActiveCfg = Release|Any CPU
		{1631E214-877D-4EFB-A471-FC627C69AF9B}.Ad-Hoc|x64.Build.0 = Release|Any CPU
		{1631E214-877D-4EFB-A471-FC627C69AF9B}.Ad-Hoc|x64.Deploy.0 = Release|Any CPU
		{1631E214-877D-4EFB-A471-FC627C69AF9B}.Ad-Hoc|x86.ActiveCfg = Release|Any CPU
		{1631E214-877D-4EFB-A471-FC627C69AF9B}.Ad-Hoc|x86.Build.0 = Release|Any CPU
		{1631E214-877D-4EFB-A471-FC627C69AF9B}.Ad-Hoc|x86.Deploy.0 = Release|Any CPU
		{1631E214-877D-4EFB-A471-FC627C69AF9B}.AppStore|Any CPU.ActiveCfg = Release|Any CPU
		{1631E214-877D-4EFB-A471-FC627C69AF9B}.AppStore|Any CPU.Build.0 = Release|Any CPU
		{1631E214-877D-4EFB-A471-FC627C69AF9B}.AppStore|Any CPU.Deploy.0 = Release|Any CPU
		{1631E214-877D-4EFB-A471-FC627C69AF9B}.AppStore|ARM.ActiveCfg = Release|Any CPU
		{1631E214-877D-4EFB-A471-FC627C69AF9B}.AppStore|ARM.Build.0 = Release|Any CPU
		{1631E214-877D-4EFB-A471-FC627C69AF9B}.AppStore|ARM.Deploy.0 = Release|Any CPU
		{1631E214-877D-4EFB-A471-FC627C69AF9B}.AppStore|iPhone.ActiveCfg = Release|Any CPU
		{1631E214-877D-4EFB-A471-FC627C69AF9B}.AppStore|iPhone.Build.0 = Release|Any CPU
		{1631E214-877D-4EFB-A471-FC627C69AF9B}.AppStore|iPhone.Deploy.0 = Release|Any CPU
		{1631E214-877D-4EFB-A471-FC627C69AF9B}.AppStore|iPhoneSimulator.ActiveCfg = Release|Any CPU
		{1631E214-877D-4EFB-A471-FC627C69AF9B}.AppStore|iPhoneSimulator.Build.0 = Release|Any CPU
		{1631E214-877D-4EFB-A471-FC627C69AF9B}.AppStore|iPhoneSimulator.Deploy.0 = Release|Any CPU
		{1631E214-877D-4EFB-A471-FC627C69AF9B}.AppStore|x64.ActiveCfg = Release|Any CPU
		{1631E214-877D-4EFB-A471-FC627C69AF9B}.AppStore|x64.Build.0 = Release|Any CPU
		{1631E214-877D-4EFB-A471-FC627C69AF9B}.AppStore|x64.Deploy.0 = Release|Any CPU
		{1631E214-877D-4EFB-A471-FC627C69AF9B}.AppStore|x86.ActiveCfg = Release|Any CPU
		{1631E214-877D-4EFB-A471-FC627C69AF9B}.AppStore|x86.Build.0 = Release|Any CPU
		{1631E214-877D-4EFB-A471-FC627C69AF9B}.AppStore|x86.Deploy.0 = Release|Any CPU
		{1631E214-877D-4EFB-A471-FC627C69AF9B}.Debug|Any CPU.ActiveCfg = Debug|Any CPU
		{1631E214-877D-4EFB-A471-FC627C69AF9B}.Debug|Any CPU.Build.0 = Debug|Any CPU
		{1631E214-877D-4EFB-A471-FC627C69AF9B}.Debug|Any CPU.Deploy.0 = Debug|Any CPU
		{1631E214-877D-4EFB-A471-FC627C69AF9B}.Debug|ARM.ActiveCfg = Debug|Any CPU
		{1631E214-877D-4EFB-A471-FC627C69AF9B}.Debug|ARM.Build.0 = Debug|Any CPU
		{1631E214-877D-4EFB-A471-FC627C69AF9B}.Debug|ARM.Deploy.0 = Debug|Any CPU
		{1631E214-877D-4EFB-A471-FC627C69AF9B}.Debug|iPhone.ActiveCfg = Debug|Any CPU
		{1631E214-877D-4EFB-A471-FC627C69AF9B}.Debug|iPhone.Build.0 = Debug|Any CPU
		{1631E214-877D-4EFB-A471-FC627C69AF9B}.Debug|iPhone.Deploy.0 = Debug|Any CPU
		{1631E214-877D-4EFB-A471-FC627C69AF9B}.Debug|iPhoneSimulator.ActiveCfg = Debug|Any CPU
		{1631E214-877D-4EFB-A471-FC627C69AF9B}.Debug|iPhoneSimulator.Build.0 = Debug|Any CPU
		{1631E214-877D-4EFB-A471-FC627C69AF9B}.Debug|iPhoneSimulator.Deploy.0 = Debug|Any CPU
		{1631E214-877D-4EFB-A471-FC627C69AF9B}.Debug|x64.ActiveCfg = Debug|Any CPU
		{1631E214-877D-4EFB-A471-FC627C69AF9B}.Debug|x64.Build.0 = Debug|Any CPU
		{1631E214-877D-4EFB-A471-FC627C69AF9B}.Debug|x64.Deploy.0 = Debug|Any CPU
		{1631E214-877D-4EFB-A471-FC627C69AF9B}.Debug|x86.ActiveCfg = Debug|Any CPU
		{1631E214-877D-4EFB-A471-FC627C69AF9B}.Debug|x86.Build.0 = Debug|Any CPU
		{1631E214-877D-4EFB-A471-FC627C69AF9B}.Debug|x86.Deploy.0 = Debug|Any CPU
		{1631E214-877D-4EFB-A471-FC627C69AF9B}.Release|Any CPU.ActiveCfg = Release|Any CPU
		{1631E214-877D-4EFB-A471-FC627C69AF9B}.Release|Any CPU.Build.0 = Release|Any CPU
		{1631E214-877D-4EFB-A471-FC627C69AF9B}.Release|Any CPU.Deploy.0 = Release|Any CPU
		{1631E214-877D-4EFB-A471-FC627C69AF9B}.Release|ARM.ActiveCfg = Release|Any CPU
		{1631E214-877D-4EFB-A471-FC627C69AF9B}.Release|ARM.Build.0 = Release|Any CPU
		{1631E214-877D-4EFB-A471-FC627C69AF9B}.Release|ARM.Deploy.0 = Release|Any CPU
		{1631E214-877D-4EFB-A471-FC627C69AF9B}.Release|iPhone.ActiveCfg = Release|Any CPU
		{1631E214-877D-4EFB-A471-FC627C69AF9B}.Release|iPhone.Build.0 = Release|Any CPU
		{1631E214-877D-4EFB-A471-FC627C69AF9B}.Release|iPhone.Deploy.0 = Release|Any CPU
		{1631E214-877D-4EFB-A471-FC627C69AF9B}.Release|iPhoneSimulator.ActiveCfg = Release|Any CPU
		{1631E214-877D-4EFB-A471-FC627C69AF9B}.Release|iPhoneSimulator.Build.0 = Release|Any CPU
		{1631E214-877D-4EFB-A471-FC627C69AF9B}.Release|iPhoneSimulator.Deploy.0 = Release|Any CPU
		{1631E214-877D-4EFB-A471-FC627C69AF9B}.Release|x64.ActiveCfg = Release|Any CPU
		{1631E214-877D-4EFB-A471-FC627C69AF9B}.Release|x64.Build.0 = Release|Any CPU
		{1631E214-877D-4EFB-A471-FC627C69AF9B}.Release|x64.Deploy.0 = Release|Any CPU
		{1631E214-877D-4EFB-A471-FC627C69AF9B}.Release|x86.ActiveCfg = Release|Any CPU
		{1631E214-877D-4EFB-A471-FC627C69AF9B}.Release|x86.Build.0 = Release|Any CPU
		{1631E214-877D-4EFB-A471-FC627C69AF9B}.Release|x86.Deploy.0 = Release|Any CPU
		{99EAB10A-0C41-4542-91B7-BA8F0C9DD1DA}.Ad-Hoc|Any CPU.ActiveCfg = Ad-Hoc|iPhone
		{99EAB10A-0C41-4542-91B7-BA8F0C9DD1DA}.Ad-Hoc|Any CPU.Build.0 = Ad-Hoc|iPhone
		{99EAB10A-0C41-4542-91B7-BA8F0C9DD1DA}.Ad-Hoc|Any CPU.Deploy.0 = Ad-Hoc|iPhone
		{99EAB10A-0C41-4542-91B7-BA8F0C9DD1DA}.Ad-Hoc|ARM.ActiveCfg = Ad-Hoc|iPhone
		{99EAB10A-0C41-4542-91B7-BA8F0C9DD1DA}.Ad-Hoc|ARM.Build.0 = Ad-Hoc|iPhone
		{99EAB10A-0C41-4542-91B7-BA8F0C9DD1DA}.Ad-Hoc|ARM.Deploy.0 = Ad-Hoc|iPhone
		{99EAB10A-0C41-4542-91B7-BA8F0C9DD1DA}.Ad-Hoc|iPhone.ActiveCfg = Ad-Hoc|iPhone
		{99EAB10A-0C41-4542-91B7-BA8F0C9DD1DA}.Ad-Hoc|iPhone.Build.0 = Ad-Hoc|iPhone
		{99EAB10A-0C41-4542-91B7-BA8F0C9DD1DA}.Ad-Hoc|iPhone.Deploy.0 = Ad-Hoc|iPhone
		{99EAB10A-0C41-4542-91B7-BA8F0C9DD1DA}.Ad-Hoc|iPhoneSimulator.ActiveCfg = Ad-Hoc|iPhoneSimulator
		{99EAB10A-0C41-4542-91B7-BA8F0C9DD1DA}.Ad-Hoc|iPhoneSimulator.Build.0 = Ad-Hoc|iPhoneSimulator
		{99EAB10A-0C41-4542-91B7-BA8F0C9DD1DA}.Ad-Hoc|iPhoneSimulator.Deploy.0 = Ad-Hoc|iPhoneSimulator
		{99EAB10A-0C41-4542-91B7-BA8F0C9DD1DA}.Ad-Hoc|x64.ActiveCfg = Ad-Hoc|iPhone
		{99EAB10A-0C41-4542-91B7-BA8F0C9DD1DA}.Ad-Hoc|x64.Build.0 = Ad-Hoc|iPhone
		{99EAB10A-0C41-4542-91B7-BA8F0C9DD1DA}.Ad-Hoc|x64.Deploy.0 = Ad-Hoc|iPhone
		{99EAB10A-0C41-4542-91B7-BA8F0C9DD1DA}.Ad-Hoc|x86.ActiveCfg = Ad-Hoc|iPhone
		{99EAB10A-0C41-4542-91B7-BA8F0C9DD1DA}.Ad-Hoc|x86.Build.0 = Ad-Hoc|iPhone
		{99EAB10A-0C41-4542-91B7-BA8F0C9DD1DA}.Ad-Hoc|x86.Deploy.0 = Ad-Hoc|iPhone
		{99EAB10A-0C41-4542-91B7-BA8F0C9DD1DA}.AppStore|Any CPU.ActiveCfg = AppStore|iPhone
		{99EAB10A-0C41-4542-91B7-BA8F0C9DD1DA}.AppStore|Any CPU.Build.0 = AppStore|iPhone
		{99EAB10A-0C41-4542-91B7-BA8F0C9DD1DA}.AppStore|Any CPU.Deploy.0 = AppStore|iPhone
		{99EAB10A-0C41-4542-91B7-BA8F0C9DD1DA}.AppStore|ARM.ActiveCfg = AppStore|iPhone
		{99EAB10A-0C41-4542-91B7-BA8F0C9DD1DA}.AppStore|ARM.Build.0 = AppStore|iPhone
		{99EAB10A-0C41-4542-91B7-BA8F0C9DD1DA}.AppStore|ARM.Deploy.0 = AppStore|iPhone
		{99EAB10A-0C41-4542-91B7-BA8F0C9DD1DA}.AppStore|iPhone.ActiveCfg = AppStore|iPhone
		{99EAB10A-0C41-4542-91B7-BA8F0C9DD1DA}.AppStore|iPhone.Build.0 = AppStore|iPhone
		{99EAB10A-0C41-4542-91B7-BA8F0C9DD1DA}.AppStore|iPhone.Deploy.0 = AppStore|iPhone
		{99EAB10A-0C41-4542-91B7-BA8F0C9DD1DA}.AppStore|iPhoneSimulator.ActiveCfg = AppStore|iPhoneSimulator
		{99EAB10A-0C41-4542-91B7-BA8F0C9DD1DA}.AppStore|iPhoneSimulator.Build.0 = AppStore|iPhoneSimulator
		{99EAB10A-0C41-4542-91B7-BA8F0C9DD1DA}.AppStore|iPhoneSimulator.Deploy.0 = AppStore|iPhoneSimulator
		{99EAB10A-0C41-4542-91B7-BA8F0C9DD1DA}.AppStore|x64.ActiveCfg = AppStore|iPhone
		{99EAB10A-0C41-4542-91B7-BA8F0C9DD1DA}.AppStore|x64.Build.0 = AppStore|iPhone
		{99EAB10A-0C41-4542-91B7-BA8F0C9DD1DA}.AppStore|x64.Deploy.0 = AppStore|iPhone
		{99EAB10A-0C41-4542-91B7-BA8F0C9DD1DA}.AppStore|x86.ActiveCfg = AppStore|iPhone
		{99EAB10A-0C41-4542-91B7-BA8F0C9DD1DA}.AppStore|x86.Build.0 = AppStore|iPhone
		{99EAB10A-0C41-4542-91B7-BA8F0C9DD1DA}.AppStore|x86.Deploy.0 = AppStore|iPhone
		{99EAB10A-0C41-4542-91B7-BA8F0C9DD1DA}.Debug|Any CPU.ActiveCfg = Debug|iPhoneSimulator
		{99EAB10A-0C41-4542-91B7-BA8F0C9DD1DA}.Debug|Any CPU.Build.0 = Debug|iPhoneSimulator
		{99EAB10A-0C41-4542-91B7-BA8F0C9DD1DA}.Debug|Any CPU.Deploy.0 = Debug|iPhoneSimulator
		{99EAB10A-0C41-4542-91B7-BA8F0C9DD1DA}.Debug|ARM.ActiveCfg = Debug|iPhone
		{99EAB10A-0C41-4542-91B7-BA8F0C9DD1DA}.Debug|ARM.Build.0 = Debug|iPhone
		{99EAB10A-0C41-4542-91B7-BA8F0C9DD1DA}.Debug|ARM.Deploy.0 = Debug|iPhone
		{99EAB10A-0C41-4542-91B7-BA8F0C9DD1DA}.Debug|iPhone.ActiveCfg = Debug|iPhone
		{99EAB10A-0C41-4542-91B7-BA8F0C9DD1DA}.Debug|iPhone.Build.0 = Debug|iPhone
		{99EAB10A-0C41-4542-91B7-BA8F0C9DD1DA}.Debug|iPhone.Deploy.0 = Debug|iPhone
		{99EAB10A-0C41-4542-91B7-BA8F0C9DD1DA}.Debug|iPhoneSimulator.ActiveCfg = Debug|iPhoneSimulator
		{99EAB10A-0C41-4542-91B7-BA8F0C9DD1DA}.Debug|iPhoneSimulator.Build.0 = Debug|iPhoneSimulator
		{99EAB10A-0C41-4542-91B7-BA8F0C9DD1DA}.Debug|iPhoneSimulator.Deploy.0 = Debug|iPhoneSimulator
		{99EAB10A-0C41-4542-91B7-BA8F0C9DD1DA}.Debug|x64.ActiveCfg = Debug|iPhone
		{99EAB10A-0C41-4542-91B7-BA8F0C9DD1DA}.Debug|x64.Build.0 = Debug|iPhone
		{99EAB10A-0C41-4542-91B7-BA8F0C9DD1DA}.Debug|x64.Deploy.0 = Debug|iPhone
		{99EAB10A-0C41-4542-91B7-BA8F0C9DD1DA}.Debug|x86.ActiveCfg = Debug|iPhone
		{99EAB10A-0C41-4542-91B7-BA8F0C9DD1DA}.Debug|x86.Build.0 = Debug|iPhone
		{99EAB10A-0C41-4542-91B7-BA8F0C9DD1DA}.Debug|x86.Deploy.0 = Debug|iPhone
		{99EAB10A-0C41-4542-91B7-BA8F0C9DD1DA}.Release|Any CPU.ActiveCfg = Release|iPhone
		{99EAB10A-0C41-4542-91B7-BA8F0C9DD1DA}.Release|Any CPU.Build.0 = Release|iPhone
		{99EAB10A-0C41-4542-91B7-BA8F0C9DD1DA}.Release|Any CPU.Deploy.0 = Release|iPhone
		{99EAB10A-0C41-4542-91B7-BA8F0C9DD1DA}.Release|ARM.ActiveCfg = Release|iPhone
		{99EAB10A-0C41-4542-91B7-BA8F0C9DD1DA}.Release|ARM.Build.0 = Release|iPhone
		{99EAB10A-0C41-4542-91B7-BA8F0C9DD1DA}.Release|ARM.Deploy.0 = Release|iPhone
		{99EAB10A-0C41-4542-91B7-BA8F0C9DD1DA}.Release|iPhone.ActiveCfg = Release|iPhone
		{99EAB10A-0C41-4542-91B7-BA8F0C9DD1DA}.Release|iPhone.Build.0 = Release|iPhone
		{99EAB10A-0C41-4542-91B7-BA8F0C9DD1DA}.Release|iPhone.Deploy.0 = Release|iPhone
		{99EAB10A-0C41-4542-91B7-BA8F0C9DD1DA}.Release|iPhoneSimulator.ActiveCfg = Release|iPhoneSimulator
		{99EAB10A-0C41-4542-91B7-BA8F0C9DD1DA}.Release|iPhoneSimulator.Build.0 = Release|iPhoneSimulator
		{99EAB10A-0C41-4542-91B7-BA8F0C9DD1DA}.Release|iPhoneSimulator.Deploy.0 = Release|iPhoneSimulator
		{99EAB10A-0C41-4542-91B7-BA8F0C9DD1DA}.Release|x64.ActiveCfg = Release|iPhone
		{99EAB10A-0C41-4542-91B7-BA8F0C9DD1DA}.Release|x64.Build.0 = Release|iPhone
		{99EAB10A-0C41-4542-91B7-BA8F0C9DD1DA}.Release|x64.Deploy.0 = Release|iPhone
		{99EAB10A-0C41-4542-91B7-BA8F0C9DD1DA}.Release|x86.ActiveCfg = Release|iPhone
		{99EAB10A-0C41-4542-91B7-BA8F0C9DD1DA}.Release|x86.Build.0 = Release|iPhone
		{99EAB10A-0C41-4542-91B7-BA8F0C9DD1DA}.Release|x86.Deploy.0 = Release|iPhone
		{48C83ECB-291D-48D1-8ED5-FE04458A8F5F}.Ad-Hoc|Any CPU.ActiveCfg = Release|x86
		{48C83ECB-291D-48D1-8ED5-FE04458A8F5F}.Ad-Hoc|Any CPU.Build.0 = Release|x86
		{48C83ECB-291D-48D1-8ED5-FE04458A8F5F}.Ad-Hoc|Any CPU.Deploy.0 = Release|x86
		{48C83ECB-291D-48D1-8ED5-FE04458A8F5F}.Ad-Hoc|ARM.ActiveCfg = Release|ARM
		{48C83ECB-291D-48D1-8ED5-FE04458A8F5F}.Ad-Hoc|ARM.Build.0 = Release|ARM
		{48C83ECB-291D-48D1-8ED5-FE04458A8F5F}.Ad-Hoc|ARM.Deploy.0 = Release|ARM
		{48C83ECB-291D-48D1-8ED5-FE04458A8F5F}.Ad-Hoc|iPhone.ActiveCfg = Release|x86
		{48C83ECB-291D-48D1-8ED5-FE04458A8F5F}.Ad-Hoc|iPhone.Build.0 = Release|x86
		{48C83ECB-291D-48D1-8ED5-FE04458A8F5F}.Ad-Hoc|iPhone.Deploy.0 = Release|x86
		{48C83ECB-291D-48D1-8ED5-FE04458A8F5F}.Ad-Hoc|iPhoneSimulator.ActiveCfg = Release|x86
		{48C83ECB-291D-48D1-8ED5-FE04458A8F5F}.Ad-Hoc|iPhoneSimulator.Build.0 = Release|x86
		{48C83ECB-291D-48D1-8ED5-FE04458A8F5F}.Ad-Hoc|iPhoneSimulator.Deploy.0 = Release|x86
		{48C83ECB-291D-48D1-8ED5-FE04458A8F5F}.Ad-Hoc|x64.ActiveCfg = Release|x64
		{48C83ECB-291D-48D1-8ED5-FE04458A8F5F}.Ad-Hoc|x64.Build.0 = Release|x64
		{48C83ECB-291D-48D1-8ED5-FE04458A8F5F}.Ad-Hoc|x64.Deploy.0 = Release|x64
		{48C83ECB-291D-48D1-8ED5-FE04458A8F5F}.Ad-Hoc|x86.ActiveCfg = Release|x86
		{48C83ECB-291D-48D1-8ED5-FE04458A8F5F}.Ad-Hoc|x86.Build.0 = Release|x86
		{48C83ECB-291D-48D1-8ED5-FE04458A8F5F}.Ad-Hoc|x86.Deploy.0 = Release|x86
		{48C83ECB-291D-48D1-8ED5-FE04458A8F5F}.AppStore|Any CPU.ActiveCfg = Release|x86
		{48C83ECB-291D-48D1-8ED5-FE04458A8F5F}.AppStore|Any CPU.Build.0 = Release|x86
		{48C83ECB-291D-48D1-8ED5-FE04458A8F5F}.AppStore|Any CPU.Deploy.0 = Release|x86
		{48C83ECB-291D-48D1-8ED5-FE04458A8F5F}.AppStore|ARM.ActiveCfg = Release|ARM
		{48C83ECB-291D-48D1-8ED5-FE04458A8F5F}.AppStore|ARM.Build.0 = Release|ARM
		{48C83ECB-291D-48D1-8ED5-FE04458A8F5F}.AppStore|ARM.Deploy.0 = Release|ARM
		{48C83ECB-291D-48D1-8ED5-FE04458A8F5F}.AppStore|iPhone.ActiveCfg = Release|x86
		{48C83ECB-291D-48D1-8ED5-FE04458A8F5F}.AppStore|iPhone.Build.0 = Release|x86
		{48C83ECB-291D-48D1-8ED5-FE04458A8F5F}.AppStore|iPhone.Deploy.0 = Release|x86
		{48C83ECB-291D-48D1-8ED5-FE04458A8F5F}.AppStore|iPhoneSimulator.ActiveCfg = Release|x86
		{48C83ECB-291D-48D1-8ED5-FE04458A8F5F}.AppStore|iPhoneSimulator.Build.0 = Release|x86
		{48C83ECB-291D-48D1-8ED5-FE04458A8F5F}.AppStore|iPhoneSimulator.Deploy.0 = Release|x86
		{48C83ECB-291D-48D1-8ED5-FE04458A8F5F}.AppStore|x64.ActiveCfg = Release|x64
		{48C83ECB-291D-48D1-8ED5-FE04458A8F5F}.AppStore|x64.Build.0 = Release|x64
		{48C83ECB-291D-48D1-8ED5-FE04458A8F5F}.AppStore|x64.Deploy.0 = Release|x64
		{48C83ECB-291D-48D1-8ED5-FE04458A8F5F}.AppStore|x86.ActiveCfg = Release|x86
		{48C83ECB-291D-48D1-8ED5-FE04458A8F5F}.AppStore|x86.Build.0 = Release|x86
		{48C83ECB-291D-48D1-8ED5-FE04458A8F5F}.AppStore|x86.Deploy.0 = Release|x86
		{48C83ECB-291D-48D1-8ED5-FE04458A8F5F}.Debug|Any CPU.ActiveCfg = Debug|x86
		{48C83ECB-291D-48D1-8ED5-FE04458A8F5F}.Debug|Any CPU.Build.0 = Debug|x86
		{48C83ECB-291D-48D1-8ED5-FE04458A8F5F}.Debug|Any CPU.Deploy.0 = Debug|x86
		{48C83ECB-291D-48D1-8ED5-FE04458A8F5F}.Debug|ARM.ActiveCfg = Debug|ARM
		{48C83ECB-291D-48D1-8ED5-FE04458A8F5F}.Debug|ARM.Build.0 = Debug|ARM
		{48C83ECB-291D-48D1-8ED5-FE04458A8F5F}.Debug|ARM.Deploy.0 = Debug|ARM
		{48C83ECB-291D-48D1-8ED5-FE04458A8F5F}.Debug|iPhone.ActiveCfg = Debug|x86
		{48C83ECB-291D-48D1-8ED5-FE04458A8F5F}.Debug|iPhone.Build.0 = Debug|x86
		{48C83ECB-291D-48D1-8ED5-FE04458A8F5F}.Debug|iPhone.Deploy.0 = Debug|x86
		{48C83ECB-291D-48D1-8ED5-FE04458A8F5F}.Debug|iPhoneSimulator.ActiveCfg = Debug|x86
		{48C83ECB-291D-48D1-8ED5-FE04458A8F5F}.Debug|iPhoneSimulator.Build.0 = Debug|x86
		{48C83ECB-291D-48D1-8ED5-FE04458A8F5F}.Debug|iPhoneSimulator.Deploy.0 = Debug|x86
		{48C83ECB-291D-48D1-8ED5-FE04458A8F5F}.Debug|x64.ActiveCfg = Debug|x64
		{48C83ECB-291D-48D1-8ED5-FE04458A8F5F}.Debug|x64.Build.0 = Debug|x64
		{48C83ECB-291D-48D1-8ED5-FE04458A8F5F}.Debug|x64.Deploy.0 = Debug|x64
		{48C83ECB-291D-48D1-8ED5-FE04458A8F5F}.Debug|x86.ActiveCfg = Debug|x86
		{48C83ECB-291D-48D1-8ED5-FE04458A8F5F}.Debug|x86.Build.0 = Debug|x86
		{48C83ECB-291D-48D1-8ED5-FE04458A8F5F}.Debug|x86.Deploy.0 = Debug|x86
		{48C83ECB-291D-48D1-8ED5-FE04458A8F5F}.Release|Any CPU.ActiveCfg = Release|x86
		{48C83ECB-291D-48D1-8ED5-FE04458A8F5F}.Release|Any CPU.Build.0 = Release|x86
		{48C83ECB-291D-48D1-8ED5-FE04458A8F5F}.Release|Any CPU.Deploy.0 = Release|x86
		{48C83ECB-291D-48D1-8ED5-FE04458A8F5F}.Release|ARM.ActiveCfg = Release|ARM
		{48C83ECB-291D-48D1-8ED5-FE04458A8F5F}.Release|ARM.Build.0 = Release|ARM
		{48C83ECB-291D-48D1-8ED5-FE04458A8F5F}.Release|ARM.Deploy.0 = Release|ARM
		{48C83ECB-291D-48D1-8ED5-FE04458A8F5F}.Release|iPhone.ActiveCfg = Release|x86
		{48C83ECB-291D-48D1-8ED5-FE04458A8F5F}.Release|iPhone.Build.0 = Release|x86
		{48C83ECB-291D-48D1-8ED5-FE04458A8F5F}.Release|iPhone.Deploy.0 = Release|x86
		{48C83ECB-291D-48D1-8ED5-FE04458A8F5F}.Release|iPhoneSimulator.ActiveCfg = Release|x86
		{48C83ECB-291D-48D1-8ED5-FE04458A8F5F}.Release|iPhoneSimulator.Build.0 = Release|x86
		{48C83ECB-291D-48D1-8ED5-FE04458A8F5F}.Release|iPhoneSimulator.Deploy.0 = Release|x86
		{48C83ECB-291D-48D1-8ED5-FE04458A8F5F}.Release|x64.ActiveCfg = Release|x64
		{48C83ECB-291D-48D1-8ED5-FE04458A8F5F}.Release|x64.Build.0 = Release|x64
		{48C83ECB-291D-48D1-8ED5-FE04458A8F5F}.Release|x64.Deploy.0 = Release|x64
		{48C83ECB-291D-48D1-8ED5-FE04458A8F5F}.Release|x86.ActiveCfg = Release|x86
		{48C83ECB-291D-48D1-8ED5-FE04458A8F5F}.Release|x86.Build.0 = Release|x86
		{48C83ECB-291D-48D1-8ED5-FE04458A8F5F}.Release|x86.Deploy.0 = Release|x86
		{1EF2A476-8209-4C4A-89B0-283136E00518}.Ad-Hoc|Any CPU.ActiveCfg = Debug|Any CPU
		{1EF2A476-8209-4C4A-89B0-283136E00518}.Ad-Hoc|Any CPU.Build.0 = Debug|Any CPU
		{1EF2A476-8209-4C4A-89B0-283136E00518}.Ad-Hoc|Any CPU.Deploy.0 = Debug|Any CPU
		{1EF2A476-8209-4C4A-89B0-283136E00518}.Ad-Hoc|ARM.ActiveCfg = Debug|Any CPU
		{1EF2A476-8209-4C4A-89B0-283136E00518}.Ad-Hoc|ARM.Build.0 = Debug|Any CPU
		{1EF2A476-8209-4C4A-89B0-283136E00518}.Ad-Hoc|ARM.Deploy.0 = Debug|Any CPU
		{1EF2A476-8209-4C4A-89B0-283136E00518}.Ad-Hoc|iPhone.ActiveCfg = Debug|Any CPU
		{1EF2A476-8209-4C4A-89B0-283136E00518}.Ad-Hoc|iPhone.Build.0 = Debug|Any CPU
		{1EF2A476-8209-4C4A-89B0-283136E00518}.Ad-Hoc|iPhone.Deploy.0 = Debug|Any CPU
		{1EF2A476-8209-4C4A-89B0-283136E00518}.Ad-Hoc|iPhoneSimulator.ActiveCfg = Debug|Any CPU
		{1EF2A476-8209-4C4A-89B0-283136E00518}.Ad-Hoc|iPhoneSimulator.Build.0 = Debug|Any CPU
		{1EF2A476-8209-4C4A-89B0-283136E00518}.Ad-Hoc|iPhoneSimulator.Deploy.0 = Debug|Any CPU
		{1EF2A476-8209-4C4A-89B0-283136E00518}.Ad-Hoc|x64.ActiveCfg = Debug|Any CPU
		{1EF2A476-8209-4C4A-89B0-283136E00518}.Ad-Hoc|x64.Build.0 = Debug|Any CPU
		{1EF2A476-8209-4C4A-89B0-283136E00518}.Ad-Hoc|x64.Deploy.0 = Debug|Any CPU
		{1EF2A476-8209-4C4A-89B0-283136E00518}.Ad-Hoc|x86.ActiveCfg = Debug|Any CPU
		{1EF2A476-8209-4C4A-89B0-283136E00518}.Ad-Hoc|x86.Build.0 = Debug|Any CPU
		{1EF2A476-8209-4C4A-89B0-283136E00518}.Ad-Hoc|x86.Deploy.0 = Debug|Any CPU
		{1EF2A476-8209-4C4A-89B0-283136E00518}.AppStore|Any CPU.ActiveCfg = Debug|Any CPU
		{1EF2A476-8209-4C4A-89B0-283136E00518}.AppStore|Any CPU.Build.0 = Debug|Any CPU
		{1EF2A476-8209-4C4A-89B0-283136E00518}.AppStore|Any CPU.Deploy.0 = Debug|Any CPU
		{1EF2A476-8209-4C4A-89B0-283136E00518}.AppStore|ARM.ActiveCfg = Debug|Any CPU
		{1EF2A476-8209-4C4A-89B0-283136E00518}.AppStore|ARM.Build.0 = Debug|Any CPU
		{1EF2A476-8209-4C4A-89B0-283136E00518}.AppStore|ARM.Deploy.0 = Debug|Any CPU
		{1EF2A476-8209-4C4A-89B0-283136E00518}.AppStore|iPhone.ActiveCfg = Debug|Any CPU
		{1EF2A476-8209-4C4A-89B0-283136E00518}.AppStore|iPhone.Build.0 = Debug|Any CPU
		{1EF2A476-8209-4C4A-89B0-283136E00518}.AppStore|iPhone.Deploy.0 = Debug|Any CPU
		{1EF2A476-8209-4C4A-89B0-283136E00518}.AppStore|iPhoneSimulator.ActiveCfg = Debug|Any CPU
		{1EF2A476-8209-4C4A-89B0-283136E00518}.AppStore|iPhoneSimulator.Build.0 = Debug|Any CPU
		{1EF2A476-8209-4C4A-89B0-283136E00518}.AppStore|iPhoneSimulator.Deploy.0 = Debug|Any CPU
		{1EF2A476-8209-4C4A-89B0-283136E00518}.AppStore|x64.ActiveCfg = Debug|Any CPU
		{1EF2A476-8209-4C4A-89B0-283136E00518}.AppStore|x64.Build.0 = Debug|Any CPU
		{1EF2A476-8209-4C4A-89B0-283136E00518}.AppStore|x64.Deploy.0 = Debug|Any CPU
		{1EF2A476-8209-4C4A-89B0-283136E00518}.AppStore|x86.ActiveCfg = Debug|Any CPU
		{1EF2A476-8209-4C4A-89B0-283136E00518}.AppStore|x86.Build.0 = Debug|Any CPU
		{1EF2A476-8209-4C4A-89B0-283136E00518}.AppStore|x86.Deploy.0 = Debug|Any CPU
		{1EF2A476-8209-4C4A-89B0-283136E00518}.Debug|Any CPU.ActiveCfg = Debug|Any CPU
		{1EF2A476-8209-4C4A-89B0-283136E00518}.Debug|Any CPU.Build.0 = Debug|Any CPU
		{1EF2A476-8209-4C4A-89B0-283136E00518}.Debug|Any CPU.Deploy.0 = Debug|Any CPU
		{1EF2A476-8209-4C4A-89B0-283136E00518}.Debug|ARM.ActiveCfg = Debug|Any CPU
		{1EF2A476-8209-4C4A-89B0-283136E00518}.Debug|ARM.Build.0 = Debug|Any CPU
		{1EF2A476-8209-4C4A-89B0-283136E00518}.Debug|ARM.Deploy.0 = Debug|Any CPU
		{1EF2A476-8209-4C4A-89B0-283136E00518}.Debug|iPhone.ActiveCfg = Debug|Any CPU
		{1EF2A476-8209-4C4A-89B0-283136E00518}.Debug|iPhone.Build.0 = Debug|Any CPU
		{1EF2A476-8209-4C4A-89B0-283136E00518}.Debug|iPhone.Deploy.0 = Debug|Any CPU
		{1EF2A476-8209-4C4A-89B0-283136E00518}.Debug|iPhoneSimulator.ActiveCfg = Debug|Any CPU
		{1EF2A476-8209-4C4A-89B0-283136E00518}.Debug|iPhoneSimulator.Build.0 = Debug|Any CPU
		{1EF2A476-8209-4C4A-89B0-283136E00518}.Debug|iPhoneSimulator.Deploy.0 = Debug|Any CPU
		{1EF2A476-8209-4C4A-89B0-283136E00518}.Debug|x64.ActiveCfg = Debug|Any CPU
		{1EF2A476-8209-4C4A-89B0-283136E00518}.Debug|x64.Build.0 = Debug|Any CPU
		{1EF2A476-8209-4C4A-89B0-283136E00518}.Debug|x64.Deploy.0 = Debug|Any CPU
		{1EF2A476-8209-4C4A-89B0-283136E00518}.Debug|x86.ActiveCfg = Debug|Any CPU
		{1EF2A476-8209-4C4A-89B0-283136E00518}.Debug|x86.Build.0 = Debug|Any CPU
		{1EF2A476-8209-4C4A-89B0-283136E00518}.Debug|x86.Deploy.0 = Debug|Any CPU
		{1EF2A476-8209-4C4A-89B0-283136E00518}.Release|Any CPU.ActiveCfg = Release|Any CPU
		{1EF2A476-8209-4C4A-89B0-283136E00518}.Release|Any CPU.Build.0 = Release|Any CPU
		{1EF2A476-8209-4C4A-89B0-283136E00518}.Release|Any CPU.Deploy.0 = Release|Any CPU
		{1EF2A476-8209-4C4A-89B0-283136E00518}.Release|ARM.ActiveCfg = Release|Any CPU
		{1EF2A476-8209-4C4A-89B0-283136E00518}.Release|ARM.Build.0 = Release|Any CPU
		{1EF2A476-8209-4C4A-89B0-283136E00518}.Release|ARM.Deploy.0 = Release|Any CPU
		{1EF2A476-8209-4C4A-89B0-283136E00518}.Release|iPhone.ActiveCfg = Release|Any CPU
		{1EF2A476-8209-4C4A-89B0-283136E00518}.Release|iPhone.Build.0 = Release|Any CPU
		{1EF2A476-8209-4C4A-89B0-283136E00518}.Release|iPhone.Deploy.0 = Release|Any CPU
		{1EF2A476-8209-4C4A-89B0-283136E00518}.Release|iPhoneSimulator.ActiveCfg = Release|Any CPU
		{1EF2A476-8209-4C4A-89B0-283136E00518}.Release|iPhoneSimulator.Build.0 = Release|Any CPU
		{1EF2A476-8209-4C4A-89B0-283136E00518}.Release|iPhoneSimulator.Deploy.0 = Release|Any CPU
		{1EF2A476-8209-4C4A-89B0-283136E00518}.Release|x64.ActiveCfg = Release|Any CPU
		{1EF2A476-8209-4C4A-89B0-283136E00518}.Release|x64.Build.0 = Release|Any CPU
		{1EF2A476-8209-4C4A-89B0-283136E00518}.Release|x64.Deploy.0 = Release|Any CPU
		{1EF2A476-8209-4C4A-89B0-283136E00518}.Release|x86.ActiveCfg = Release|Any CPU
		{1EF2A476-8209-4C4A-89B0-283136E00518}.Release|x86.Build.0 = Release|Any CPU
		{1EF2A476-8209-4C4A-89B0-283136E00518}.Release|x86.Deploy.0 = Release|Any CPU
	EndGlobalSection
	GlobalSection(SolutionProperties) = preSolution
		HideSolutionNode = FALSE
	EndGlobalSection
	GlobalSection(ExtensibilityGlobals) = postSolution
		SolutionGuid = {3B65FB21-92ED-4847-AB89-A1B1F29B172E}
	EndGlobalSection
EndGlobal
